{
    "name": "onebots-interop-karin",
    "lockfileVersion": 3,
    "requires": true,
    "packages": {
        "": {
            "name": "onebots-interop-karin",
            "dependencies": {
                "@karinjs/plugin-adapter-milky": "1.3.3",
                "node-karin": "1.15.3"
            }
        },
        "node_modules/@karinjs/plugin-adapter-milky": {
            "version": "1.3.3",
            "resolved": "https://registry.npmjs.org/@karinjs/plugin-adapter-milky/-/plugin-adapter-milky-1.3.3.tgz",
            "integrity": "sha512-njhoLG3KOoGvOdvoN8G9DAMDBhMdshoFWyw69BXzcssjRPYYh26t8D6N5inHRGgEufr8mSR5LD5XSJvRI5HBdg==",
            "license": "MIT",
            "dependencies": {
                "eventsource": "^4.1.0",
                "ws": "^8.19.0"
            }
        },
        "node_modules/@karinjs/sqlite3-napi-v6-darwin-arm64": {
            "version": "0.4.3",
            "resolved": "https://registry.npmjs.org/@karinjs/sqlite3-napi-v6-darwin-arm64/-/sqlite3-napi-v6-darwin-arm64-0.4.3.tgz",
            "integrity": "sha512-lz7s2WWdVyQ6r/zszwByt32P8DtEeihVPur+Ovn607tbYiorB1P9/EAPPxIc730oCmATN2OSRggjnIr0x2gH4Q==",
            "cpu": [
                "arm64"
            ],
            "license": "MIT",
            "optional": true,
            "os": [
                "darwin"
            ],
            "engines": {
                "node": ">=10.20.0"
            }
        },
        "node_modules/@karinjs/sqlite3-napi-v6-darwin-x64": {
            "version": "0.4.3",
            "resolved": "https://registry.npmjs.org/@karinjs/sqlite3-napi-v6-darwin-x64/-/sqlite3-napi-v6-darwin-x64-0.4.3.tgz",
            "integrity": "sha512-6GCIhHYC2UOz8Cs5Se4+pIFeaa/gRWRySy+4HT7L80AOhBTqb9WHrau1RUetTZCLENFBS1ECdYGaDgPPuEdOIQ==",
            "cpu": [
                "x64"
            ],
            "license": "MIT",
            "optional": true,
            "os": [
                "darwin"
            ],
            "engines": {
                "node": ">=10.20.0"
            }
        },
        "node_modules/@karinjs/sqlite3-napi-v6-linux-arm64": {
            "version": "0.4.3",
            "resolved": "https://registry.npmjs.org/@karinjs/sqlite3-napi-v6-linux-arm64/-/sqlite3-napi-v6-linux-arm64-0.4.3.tgz",
            "integrity": "sha512-qWWDRil6xdp9BRFFX8tjntCcWdvvLKKIZcrPuw2y4BZtxgGsx+0oNEiPdPPUv7o8ld8mEVCI0WcMVbPIyVB3iw==",
            "cpu": [
                "arm64"
            ],
            "libc": [
                "glibc"
            ],
            "license": "MIT",
            "optional": true,
            "os": [
                "linux"
            ],
            "engines": {
                "node": ">=10.20.0"
            }
        },
        "node_modules/@karinjs/sqlite3-napi-v6-linux-x64": {
            "version": "0.4.3",
            "resolved": "https://registry.npmjs.org/@karinjs/sqlite3-napi-v6-linux-x64/-/sqlite3-napi-v6-linux-x64-0.4.3.tgz",
            "integrity": "sha512-i45miK/LWjj3V3CGTQKqjzJ4373GieqqmS0B7m7TThdY7c5r2O6QjIaa/wrCjx6v+DnPficXvYvwF55EJ/5+Zw==",
            "cpu": [
                "x64"
            ],
            "libc": [
                "glibc"
            ],
            "license": "MIT",
            "optional": true,
            "os": [
                "linux"
            ],
            "engines": {
                "node": ">=10.20.0"
            }
        },
        "node_modules/@karinjs/sqlite3-napi-v6-linuxmusl-arm64": {
            "version": "0.4.3",
            "resolved": "https://registry.npmjs.org/@karinjs/sqlite3-napi-v6-linuxmusl-arm64/-/sqlite3-napi-v6-linuxmusl-arm64-0.4.3.tgz",
            "integrity": "sha512-EOtq05hEnjrPddv6tnhlxWVusR+56I9ArVVU7O+pUgJ80S3ZRmSfpJX6c8NejgG9ZFtJ81KE2TUwmkGsYSt0dA==",
            "cpu": [
                "arm64"
            ],
            "libc": [
                "musl"
            ],
            "license": "MIT",
            "optional": true,
            "os": [
                "linux"
            ],
            "engines": {
                "node": ">=10.20.0"
            }
        },
        "node_modules/@karinjs/sqlite3-napi-v6-linuxmusl-x64": {
            "version": "0.4.3",
            "resolved": "https://registry.npmjs.org/@karinjs/sqlite3-napi-v6-linuxmusl-x64/-/sqlite3-napi-v6-linuxmusl-x64-0.4.3.tgz",
            "integrity": "sha512-v0qPA2iJY/Ngl615zuN94OQITV3IjKavXAS0XBey23p5Jak2tDsXX+aZ21g/qmS380BKP+d5K869gHMx80wZSA==",
            "cpu": [
                "x64"
            ],
            "libc": [
                "musl"
            ],
            "license": "MIT",
            "optional": true,
            "os": [
                "linux"
            ],
            "engines": {
                "node": ">=10.20.0"
            }
        },
        "node_modules/@karinjs/sqlite3-napi-v6-win32-ia32": {
            "version": "0.4.3",
            "resolved": "https://registry.npmjs.org/@karinjs/sqlite3-napi-v6-win32-ia32/-/sqlite3-napi-v6-win32-ia32-0.4.3.tgz",
            "integrity": "sha512-gwXXFZfBBDdYc8/XdViTLNLM30LbQqhPXCz3Po0fGK/0iZtkRVOAzJR5jRkpvf/sF7Sd2zwiZ4pa3j5qsxQ6YQ==",
            "cpu": [
                "ia32"
            ],
            "license": "MIT",
            "optional": true,
            "os": [
                "win32"
            ],
            "engines": {
                "node": ">=10.20.0"
            }
        },
        "node_modules/@karinjs/sqlite3-napi-v6-win32-x64": {
            "version": "0.4.3",
            "resolved": "https://registry.npmjs.org/@karinjs/sqlite3-napi-v6-win32-x64/-/sqlite3-napi-v6-win32-x64-0.4.3.tgz",
            "integrity": "sha512-jEtI3gDDUPwgnSXp1G6h3/Oey4j2FGI7b0XycrD7pz617q0v4H9qxl9FrwVhTIV5eppWa5f6f9df7sbno79hZA==",
            "cpu": [
                "x64"
            ],
            "license": "MIT",
            "optional": true,
            "os": [
                "win32"
            ],
            "engines": {
                "node": ">=10.20.0"
            }
        },
        "node_modules/art-template": {
            "name": "@karinjs/art-template",
            "version": "1.1.0",
            "resolved": "https://registry.npmjs.org/@karinjs/art-template/-/art-template-1.1.0.tgz",
            "integrity": "sha512-OKf0WZ61SAs9J/K19nzx1XtmLQKc+lbbxiP7AH34TLIM46L3/wSUybV2hcFl001B3zwRcUlrCOZgDlcxyVcScA==",
            "license": "MIT",
            "engines": {
                "node": ">= 16.0.0"
            }
        },
        "node_modules/axios": {
            "name": "@karinjs/axios",
            "version": "1.13.2",
            "resolved": "https://registry.npmjs.org/@karinjs/axios/-/axios-1.13.2.tgz",
            "integrity": "sha512-0nZq8H5cLorUw5X7uob/EOHnVcWot1ay3rZkh6PgvuZG2VccLKGCeCzoLtb1YJmWErh1BYJpnr1BDAoepkCEOA==",
            "license": "MIT",
            "engines": {
                "node": ">=18"
            }
        },
        "node_modules/buffer-equal-constant-time": {
            "version": "1.0.1",
            "resolved": "https://registry.npmjs.org/buffer-equal-constant-time/-/buffer-equal-constant-time-1.0.1.tgz",
            "integrity": "sha512-zRpUiDwd/xk6ADqPMATG8vc9VPrkck7T07OIx0gnjmJAnHnTVXNQG3vfvWNuiZIkwu9KrKdA1iJKfsfTVxE6NA==",
            "license": "BSD-3-Clause"
        },
        "node_modules/chalk": {
            "version": "5.6.2",
            "resolved": "https://registry.npmjs.org/chalk/-/chalk-5.6.2.tgz",
            "integrity": "sha512-7NzBL0rN6fMUW+f7A6Io4h40qQlG+xGmtMxfbnH/K7TAtt8JQWVQK+6g0UXKMeVJoyV5EkkNsErQ8pVD3bLHbA==",
            "license": "MIT",
            "engines": {
                "node": "^12.17.0 || ^14.13 || >=16.0.0"
            },
            "funding": {
                "url": "https://github.com/chalk/chalk?sponsor=1"
            }
        },
        "node_modules/chokidar": {
            "version": "4.0.3",
            "resolved": "https://registry.npmjs.org/chokidar/-/chokidar-4.0.3.tgz",
            "integrity": "sha512-Qgzu8kfBvo+cA4962jnP1KkS6Dop5NS6g7R5LFYJr4b8Ub94PPQXUksCw9PvXoeXPRRddRNC5C1JQUR2SMGtnA==",
            "license": "MIT",
            "dependencies": {
                "readdirp": "^4.0.1"
            },
            "engines": {
                "node": ">= 14.16.0"
            },
            "funding": {
                "url": "https://paulmillr.com/funding/"
            }
        },
        "node_modules/ecdsa-sig-formatter": {
            "version": "1.0.11",
            "resolved": "https://registry.npmjs.org/ecdsa-sig-formatter/-/ecdsa-sig-formatter-1.0.11.tgz",
            "integrity": "sha512-nagl3RYrbNv6kQkeJIpt6NJZy8twLB/2vtz6yN9Z4vRKHN4/QZJIEbqohALSgwKdnksuY3k5Addp5lg8sVoVcQ==",
            "license": "Apache-2.0",
            "dependencies": {
                "safe-buffer": "^5.0.1"
            }
        },
        "node_modules/eventsource": {
            "version": "4.1.1",
            "resolved": "https://registry.npmjs.org/eventsource/-/eventsource-4.1.1.tgz",
            "integrity": "sha512-D6bTRWh6KahHTK/m4WnjPQyEinNPf9eFLEZSEoj7d6fTibspnAVYfzHvirL7u/aoX5d9YYfIkBVAhmigUELk9w==",
            "license": "MIT",
            "dependencies": {
                "eventsource-parser": "^3.0.1"
            },
            "engines": {
                "node": ">=20.0.0"
            }
        },
        "node_modules/eventsource-parser": {
            "version": "3.1.1",
            "resolved": "https://registry.npmjs.org/eventsource-parser/-/eventsource-parser-3.1.1.tgz",
            "integrity": "sha512-EKN1vKAMcZ8MlYMpaNuxN6R9yakzH6uajHcHVTqWJzvu5pWw9DyhbP35HH8MVBQ+dZjAfDxk+A8NiR9KWaXiyQ==",
            "license": "MIT",
            "engines": {
                "node": ">=18.0.0"
            }
        },
        "node_modules/express": {
            "name": "@karinjs/express",
            "version": "1.0.3",
            "resolved": "https://registry.npmjs.org/@karinjs/express/-/express-1.0.3.tgz",
            "integrity": "sha512-xHsKbxh7SJLCosg/iXYtaH1WHSMKe+FkLIlvj8/nJui3MhgQsso7OkHZHOoooAJkZ3U+41DkbPV2nVav3AYFWQ==",
            "license": "MIT",
            "engines": {
                "node": ">=18"
            }
        },
        "node_modules/jsonwebtoken": {
            "version": "9.0.3",
            "resolved": "https://registry.npmjs.org/jsonwebtoken/-/jsonwebtoken-9.0.3.tgz",
            "integrity": "sha512-MT/xP0CrubFRNLNKvxJ2BYfy53Zkm++5bX9dtuPbqAeQpTVe0MQTFhao8+Cp//EmJp244xt6Drw/GVEGCUj40g==",
            "license": "MIT",
            "dependencies": {
                "jws": "^4.0.1",
                "lodash.includes": "^4.3.0",
                "lodash.isboolean": "^3.0.3",
                "lodash.isinteger": "^4.0.4",
                "lodash.isnumber": "^3.0.3",
                "lodash.isplainobject": "^4.0.6",
                "lodash.isstring": "^4.0.1",
                "lodash.once": "^4.0.0",
                "ms": "^2.1.1",
                "semver": "^7.5.4"
            },
            "engines": {
                "node": ">=12",
                "npm": ">=6"
            }
        },
        "node_modules/jwa": {
            "version": "2.0.1",
            "resolved": "https://registry.npmjs.org/jwa/-/jwa-2.0.1.tgz",
            "integrity": "sha512-hRF04fqJIP8Abbkq5NKGN0Bbr3JxlQ+qhZufXVr0DvujKy93ZCbXZMHDL4EOtodSbCWxOqR8MS1tXA5hwqCXDg==",
            "license": "MIT",
            "dependencies": {
                "buffer-equal-constant-time": "^1.0.1",
                "ecdsa-sig-formatter": "1.0.11",
                "safe-buffer": "^5.0.1"
            }
        },
        "node_modules/jws": {
            "version": "4.0.1",
            "resolved": "https://registry.npmjs.org/jws/-/jws-4.0.1.tgz",
            "integrity": "sha512-EKI/M/yqPncGUUh44xz0PxSidXFr/+r0pA70+gIYhjv+et7yxM+s29Y+VGDkovRofQem0fs7Uvf4+YmAdyRduA==",
            "license": "MIT",
            "dependencies": {
                "jwa": "^2.0.1",
                "safe-buffer": "^5.0.1"
            }
        },
        "node_modules/lodash": {
            "name": "@karinjs/lodash",
            "version": "1.1.1",
            "resolved": "https://registry.npmjs.org/@karinjs/lodash/-/lodash-1.1.1.tgz",
            "integrity": "sha512-suq7TVHaaTrkD74WhEpzsm1SqZfiSf0yiWPEzoZhNbB1Kfwo/ys9yOwptZqTKXZyTghSrF+dfILvh2E32wBofw==",
            "license": "MIT",
            "engines": {
                "node": ">=18"
            }
        },
        "node_modules/lodash.includes": {
            "version": "4.3.0",
            "resolved": "https://registry.npmjs.org/lodash.includes/-/lodash.includes-4.3.0.tgz",
            "integrity": "sha512-W3Bx6mdkRTGtlJISOvVD/lbqjTlPPUDTMnlXZFnVwi9NKJ6tiAk6LVdlhZMm17VZisqhKcgzpO5Wz91PCt5b0w==",
            "license": "MIT"
        },
        "node_modules/lodash.isboolean": {
            "version": "3.0.3",
            "resolved": "https://registry.npmjs.org/lodash.isboolean/-/lodash.isboolean-3.0.3.tgz",
            "integrity": "sha512-Bz5mupy2SVbPHURB98VAcw+aHh4vRV5IPNhILUCsOzRmsTmSQ17jIuqopAentWoehktxGd9e/hbIXq980/1QJg==",
            "license": "MIT"
        },
        "node_modules/lodash.isinteger": {
            "version": "4.0.4",
            "resolved": "https://registry.npmjs.org/lodash.isinteger/-/lodash.isinteger-4.0.4.tgz",
            "integrity": "sha512-DBwtEWN2caHQ9/imiNeEA5ys1JoRtRfY3d7V9wkqtbycnAmTvRRmbHKDV4a0EYc678/dia0jrte4tjYwVBaZUA==",
            "license": "MIT"
        },
        "node_modules/lodash.isnumber": {
            "version": "3.0.3",
            "resolved": "https://registry.npmjs.org/lodash.isnumber/-/lodash.isnumber-3.0.3.tgz",
            "integrity": "sha512-QYqzpfwO3/CWf3XP+Z+tkQsfaLL/EnUlXWVkIk5FUPc4sBdTehEqZONuyRt2P67PXAk+NXmTBcc97zw9t1FQrw==",
            "license": "MIT"
        },
        "node_modules/lodash.isplainobject": {
            "version": "4.0.6",
            "resolved": "https://registry.npmjs.org/lodash.isplainobject/-/lodash.isplainobject-4.0.6.tgz",
            "integrity": "sha512-oSXzaWypCMHkPC3NvBEaPHf0KsA5mvPrOPgQWDsbg8n7orZ290M0BmC/jgRZ4vcJ6DTAhjrsSYgdsW/F+MFOBA==",
            "license": "MIT"
        },
        "node_modules/lodash.isstring": {
            "version": "4.0.1",
            "resolved": "https://registry.npmjs.org/lodash.isstring/-/lodash.isstring-4.0.1.tgz",
            "integrity": "sha512-0wJxfxH1wgO3GrbuP+dTTk7op+6L41QCXbGINEmD+ny/G/eCqGzxyCsh7159S+mgDDcoarnBw6PC1PS5+wUGgw==",
            "license": "MIT"
        },
        "node_modules/lodash.once": {
            "version": "4.1.1",
            "resolved": "https://registry.npmjs.org/lodash.once/-/lodash.once-4.1.1.tgz",
            "integrity": "sha512-Sb487aTOCr9drQVL8pIxOzVhafOjZN9UU54hiN8PU3uAiSV7lx1yYNpbNmex2PK6dSJoNTSJUUswT651yww3Mg==",
            "license": "MIT"
        },
        "node_modules/log4js": {
            "name": "@karinjs/log4js",
            "version": "1.5.6",
            "resolved": "https://registry.npmjs.org/@karinjs/log4js/-/log4js-1.5.6.tgz",
            "integrity": "sha512-BwLkG/TJLOvqe1cIpgLa+FGv5PJhQ/d+K+FRD4ELjHoU3jLd///lnbUwB0nTzIWSJyO+dJcrdHr87LGU2luOrw==",
            "license": "MIT",
            "engines": {
                "node": ">=18"
            }
        },
        "node_modules/moment": {
            "name": "@karinjs/moment",
            "version": "1.1.5",
            "resolved": "https://registry.npmjs.org/@karinjs/moment/-/moment-1.1.5.tgz",
            "integrity": "sha512-g2jFz1WkWsadLR7GeQWLLUFlBkfLMyND3Eh94Te32OGnKrFWScXub/wGFhiaCsCHDFRi0rRhsIMJPB2cIuME4A==",
            "license": "MIT",
            "engines": {
                "node": "*"
            }
        },
        "node_modules/ms": {
            "version": "2.1.3",
            "resolved": "https://registry.npmjs.org/ms/-/ms-2.1.3.tgz",
            "integrity": "sha512-6FlzubTLZG3J2a/NVCAleEhjzq5oxgHyaCU9yYXvcLsvoVaHJq/s5xXI6/XXP6tz7R9xAOtHnSO/tXtF3WRTlA==",
            "license": "MIT"
        },
        "node_modules/node-karin": {
            "version": "1.15.3",
            "resolved": "https://registry.npmjs.org/node-karin/-/node-karin-1.15.3.tgz",
            "integrity": "sha512-+JF8TKVaB9QXrrjW8guv0yQZOasb1GA2y3aOoumkogLIpf2GuuZi0AoU3jbp/f5UI+pvXxuFF9e7iwmEfsKdkA==",
            "license": "MIT",
            "dependencies": {
                "art-template": "npm:@karinjs/art-template@1.1.0",
                "axios": "npm:@karinjs/axios@1.13.2",
                "chalk": "5.6.2",
                "chokidar": "4.0.3",
                "express": "npm:@karinjs/express@1.0.3",
                "jsonwebtoken": "^9.0.3",
                "lodash": "npm:@karinjs/lodash@1.1.1",
                "log4js": "npm:@karinjs/log4js@1.5.6",
                "moment": "npm:@karinjs/moment@1.1.5",
                "node-schedule": "npm:@karinjs/node-schedule@1.1.2",
                "redis": "npm:@karinjs/redis@1.1.3",
                "sqlite3": "npm:@karinjs/sqlite3@0.4.3",
                "ws": "npm:@karinjs/ws@1.0.4",
                "yaml": "2.7.0"
            },
            "bin": {
                "k": "dist/cli/index.mjs",
                "karin": "dist/cli/index.mjs",
                "ki": "dist/cli/index.mjs"
            },
            "engines": {
                "node": ">=18"
            }
        },
        "node_modules/node-karin/node_modules/ws": {
            "name": "@karinjs/ws",
            "version": "1.0.4",
            "resolved": "https://registry.npmjs.org/@karinjs/ws/-/ws-1.0.4.tgz",
            "integrity": "sha512-RbaNNTd5wAH6sqwGaetoNyPVMydZu+9db4MxFxrKpzdRo3wMiR8eijdVo7S/jnWnoMHSZ5GJ5wTymrIsVCf9pw==",
            "license": "MIT",
            "engines": {
                "node": ">=18.0.0"
            }
        },
        "node_modules/node-schedule": {
            "name": "@karinjs/node-schedule",
            "version": "1.1.2",
            "resolved": "https://registry.npmjs.org/@karinjs/node-schedule/-/node-schedule-1.1.2.tgz",
            "integrity": "sha512-zkTx9gSPg4I0LwaDdLJLA2i1Wz3dn/0g236u07GvHHiVZXfG0CqTf2+rGtTYXE1LPdilcLkwuAPt9C9SIhcFIQ==",
            "license": "MIT",
            "engines": {
                "node": ">=18"
            }
        },
        "node_modules/readdirp": {
            "version": "4.1.2",
            "resolved": "https://registry.npmjs.org/readdirp/-/readdirp-4.1.2.tgz",
            "integrity": "sha512-GDhwkLfywWL2s6vEjyhri+eXmfH6j1L7JE27WhqLeYzoh/A3DBaYGEj2H/HFZCn/kMfim73FXxEJTw06WtxQwg==",
            "license": "MIT",
            "engines": {
                "node": ">= 14.18.0"
            },
            "funding": {
                "type": "individual",
                "url": "https://paulmillr.com/funding/"
            }
        },
        "node_modules/redis": {
            "name": "@karinjs/redis",
            "version": "1.1.3",
            "resolved": "https://registry.npmjs.org/@karinjs/redis/-/redis-1.1.3.tgz",
            "integrity": "sha512-Keo+1pJxvddTqBF4BE7AnZqvbBRXZ4QaZa8uJCKngmQ303TV3M0x0gHuKBfDNXQAkiHylw09a3YAzj68sh/Dhw==",
            "license": "MIT",
            "engines": {
                "node": ">=18"
            }
        },
        "node_modules/safe-buffer": {
            "version": "5.2.1",
            "resolved": "https://registry.npmjs.org/safe-buffer/-/safe-buffer-5.2.1.tgz",
            "integrity": "sha512-rp3So07KcdmmKbGvgaNxQSJr7bGVSVk5S9Eq1F+ppbRo70+YeaDxkw5Dd8NPN+GD6bjnYm2VuPuCXmpuYvmCXQ==",
            "funding": [
                {
                    "type": "github",
                    "url": "https://github.com/sponsors/feross"
                },
                {
                    "type": "patreon",
                    "url": "https://www.patreon.com/feross"
                },
                {
                    "type": "consulting",
                    "url": "https://feross.org/support"
                }
            ],
            "license": "MIT"
        },
        "node_modules/semver": {
            "version": "7.8.5",
            "resolved": "https://registry.npmjs.org/semver/-/semver-7.8.5.tgz",
            "integrity": "sha512-Y7/KDsb8LjooZpwaqGyulO6DQlksgCncchHGk+sZIY4SBvUocMBEFH5Ur1fI4dV+Jvl0w6cjvucaIi40puRioA==",
            "license": "ISC",
            "bin": {
                "semver": "bin/semver.js"
            },
            "engines": {
                "node": ">=10"
            }
        },
        "node_modules/sqlite3": {
            "name": "@karinjs/sqlite3",
            "version": "0.4.3",
            "resolved": "https://registry.npmjs.org/@karinjs/sqlite3/-/sqlite3-0.4.3.tgz",
            "integrity": "sha512-8BapqiKlyh2AS7FVQa6TNNEyVc2fBFjMpPIrtJZUHlGZLDNGJTAJFePdAxSwrKuR6dEyoMZPzr48uzRfoRnqHQ==",
            "license": "MIT",
            "engines": {
                "node": ">=18"
            },
            "optionalDependencies": {
                "@karinjs/sqlite3-napi-v6-darwin-arm64": "0.4.3",
                "@karinjs/sqlite3-napi-v6-darwin-x64": "0.4.3",
                "@karinjs/sqlite3-napi-v6-linux-arm64": "0.4.3",
                "@karinjs/sqlite3-napi-v6-linux-x64": "0.4.3",
                "@karinjs/sqlite3-napi-v6-linuxmusl-arm64": "0.4.3",
                "@karinjs/sqlite3-napi-v6-linuxmusl-x64": "0.4.3",
                "@karinjs/sqlite3-napi-v6-win32-ia32": "0.4.3",
                "@karinjs/sqlite3-napi-v6-win32-x64": "0.4.3"
            }
        },
        "node_modules/ws": {
            "version": "8.21.3",
            "resolved": "https://registry.npmjs.org/ws/-/ws-8.21.3.tgz",
            "integrity": "sha512-201TZ/kPWxoPr/OKWjquZR1SWKXcvxdH+e1xrx89b3YbmzLMFCLfnaG1HFIgWzJOEWZ7MvpK++odZufgYR50Rw==",
            "license": "MIT",
            "engines": {
                "node": ">=10.0.0"
            },
            "peerDependencies": {
                "bufferutil": "^4.0.1",
                "utf-8-validate": ">=5.0.2"
            },
            "peerDependenciesMeta": {
                "bufferutil": {
                    "optional": true
                },
                "utf-8-validate": {
                    "optional": true
                }
            }
        },
        "node_modules/yaml": {
            "version": "2.7.0",
            "resolved": "https://registry.npmjs.org/yaml/-/yaml-2.7.0.tgz",
            "integrity": "sha512-+hSoy/QHluxmC9kCIJyL/uyFmLmc+e5CFR5Wa+bpIhIj85LVb9ZH2nVnqrHoSvKogwODv0ClqZkmiSSaIH5LTA==",
            "license": "ISC",
            "bin": {
                "yaml": "bin.mjs"
            },
            "engines": {
                "node": ">= 14"
            }
        }
    }
}
