{
    "name": "onebots-interop-zhin",
    "lockfileVersion": 3,
    "requires": true,
    "packages": {
        "": {
            "name": "onebots-interop-zhin",
            "dependencies": {
                "@zhin.js/adapter-onebot11": "7.0.8",
                "zhin.js": "6.0.15",
                "zod": "4.4.3"
            }
        },
        "node_modules/@imhelper/onebot-v11": {
            "version": "1.0.7",
            "resolved": "https://registry.npmjs.org/@imhelper/onebot-v11/-/onebot-v11-1.0.7.tgz",
            "integrity": "sha512-QoMThk/FHSGgaPTEYoFqqQEs6XkjmwM402HUUG39i9tAK8/sJ0Qs/JvhD/DrwILN0N0k3Sry9uahwMzZZ+8MwA==",
            "license": "MIT",
            "dependencies": {
                "ws": "^8.18.3"
            },
            "peerDependencies": {
                "imhelper": "1.0.7"
            }
        },
        "node_modules/@zhin.js/adapter": {
            "version": "1.2.1",
            "resolved": "https://registry.npmjs.org/@zhin.js/adapter/-/adapter-1.2.1.tgz",
            "integrity": "sha512-tHg3Q6b2vHSNhvedo8BIktf8nL5hY+0o/83CrwYh8L4tDZ2t78C2xkK9BGOcZeS5tDj0DkOXfmhT66BFlQsAeQ==",
            "license": "MIT",
            "dependencies": {
                "@zhin.js/feature-kit": "1.0.13",
                "@zhin.js/im-contract": "1.0.4",
                "@zhin.js/logger": "1.0.77",
                "@zhin.js/plugin-runtime": "1.1.8",
                "yaml": "^2.9.0"
            },
            "engines": {
                "node": "^20.19.0 || >=22.12.0"
            }
        },
        "node_modules/@zhin.js/adapter-onebot11": {
            "version": "7.0.8",
            "resolved": "https://registry.npmjs.org/@zhin.js/adapter-onebot11/-/adapter-onebot11-7.0.8.tgz",
            "integrity": "sha512-s2Pt0jO9o8DtSj9jah+dVRLXpk05mG/FgZWsGLHqHDVg/EdV8Sc63ELsru1LAQqXYCPQPxJrElbnYM8bz7aJ8A==",
            "license": "MIT",
            "dependencies": {
                "@imhelper/onebot-v11": "1.0.7",
                "@zhin.js/adapter": "1.2.1",
                "@zhin.js/core": "1.5.15",
                "@zhin.js/feature-kit": "1.0.13",
                "@zhin.js/host-http": "1.0.17",
                "@zhin.js/im-contract": "1.0.4",
                "@zhin.js/logger": "1.0.77",
                "@zhin.js/permission": "1.0.4",
                "imhelper": "1.0.7",
                "ws": "^8.21.1"
            },
            "engines": {
                "node": "^20.19.0 || >=22.12.0"
            },
            "peerDependencies": {
                "@zhin.js/adapter": "1.2.1",
                "@zhin.js/agent": "1.1.22",
                "@zhin.js/command": "1.0.16",
                "@zhin.js/core": "1.5.15",
                "zhin.js": "6.0.15",
                "zod": "^4.0.0"
            },
            "peerDependenciesMeta": {
                "@zhin.js/agent": {
                    "optional": true
                },
                "@zhin.js/command": {
                    "optional": true
                },
                "zhin.js": {
                    "optional": true
                },
                "zod": {
                    "optional": true
                }
            }
        },
        "node_modules/@zhin.js/command": {
            "version": "1.0.16",
            "resolved": "https://registry.npmjs.org/@zhin.js/command/-/command-1.0.16.tgz",
            "integrity": "sha512-BiltWIYxrvPyv6Gn2DQKOYX6D+w2B1zhE1Vdw6ZiZUePs/68K1Eg+dHjolz6HWQsDVKgKMGQPN1dQCUzacfxfQ==",
            "license": "MIT",
            "dependencies": {
                "@zhin.js/feature-kit": "1.0.13",
                "@zhin.js/interaction": "1.0.1",
                "@zhin.js/permission": "1.0.4",
                "@zhin.js/plugin-runtime": "1.1.8",
                "segment-matcher": "^1.0.5"
            },
            "engines": {
                "node": "^20.19.0 || >=22.12.0"
            }
        },
        "node_modules/@zhin.js/component": {
            "version": "1.0.13",
            "resolved": "https://registry.npmjs.org/@zhin.js/component/-/component-1.0.13.tgz",
            "integrity": "sha512-nIiz5EMH336BHlTjevbYS5bsaqtgUJmHKye8Re0Vpok244gQPQd9TG7Ed+LAk3QY1x3ytJ5YnvyckuvAu5IaJg==",
            "license": "MIT",
            "dependencies": {
                "@zhin.js/feature-kit": "1.0.13",
                "@zhin.js/plugin-runtime": "1.1.8"
            },
            "engines": {
                "node": "^20.19.0 || >=22.12.0"
            }
        },
        "node_modules/@zhin.js/console-protocol": {
            "version": "1.1.4",
            "resolved": "https://registry.npmjs.org/@zhin.js/console-protocol/-/console-protocol-1.1.4.tgz",
            "integrity": "sha512-szcmaTZsnAS60hkmSaQSPd4gJGgB8orJlcNFl+Z1C2WhEUP6n/yl2KfkJ1j4rsjF5jyrCvVFfJKHuoRRvi3w4w==",
            "license": "MIT",
            "engines": {
                "node": "^20.19.0 || >=22.12.0"
            }
        },
        "node_modules/@zhin.js/core": {
            "version": "1.5.15",
            "resolved": "https://registry.npmjs.org/@zhin.js/core/-/core-1.5.15.tgz",
            "integrity": "sha512-/xb20BClfc/Od4MqnmJGxOS8lgtNFn2hSqNv4o2W6QVvHCCRJY6zkDKE1vGPCfKQL0Vzcy++U4ghDEj9jRtilA==",
            "license": "MIT",
            "dependencies": {
                "@zhin.js/adapter": "1.2.1",
                "@zhin.js/command": "1.0.16",
                "@zhin.js/component": "1.0.13",
                "@zhin.js/database": "1.0.81",
                "@zhin.js/handler": "1.0.4",
                "@zhin.js/im-contract": "1.0.4",
                "@zhin.js/interaction": "1.0.1",
                "@zhin.js/kernel": "1.0.8",
                "@zhin.js/logger": "1.0.77",
                "@zhin.js/middleware": "1.0.13",
                "@zhin.js/permission": "1.0.4",
                "@zhin.js/plugin-runtime": "1.1.8",
                "@zhin.js/schema": "1.0.73",
                "qrcode": "^1.5.4",
                "segment-matcher": "^1.0.5",
                "smol-toml": "^1.7.1",
                "yaml": "^2.9.0"
            },
            "engines": {
                "node": "^20.19.0 || >=22.12.0"
            },
            "peerDependencies": {
                "zod": "^4.0.0"
            },
            "peerDependenciesMeta": {
                "zod": {
                    "optional": true
                }
            }
        },
        "node_modules/@zhin.js/database": {
            "version": "1.0.81",
            "resolved": "https://registry.npmjs.org/@zhin.js/database/-/database-1.0.81.tgz",
            "integrity": "sha512-nlAN2ifHK3uO7eGMHMyF0RGbc1uSv5PZ3uFqpxpoodQJ/1D+XuwGurmL768gdCR7Gli65wYRbi2+0DaZdmgYnA==",
            "dependencies": {
                "@zhin.js/logger": "1.0.77"
            },
            "engines": {
                "node": ">=22.5.0"
            },
            "peerDependencies": {
                "mongodb": ">=3.1.13",
                "mysql2": ">=3.9.8",
                "pg": ">=2.11.2",
                "redis": "latest"
            },
            "peerDependenciesMeta": {
                "mongodb": {
                    "optional": true
                },
                "mysql2": {
                    "optional": true
                },
                "pg": {
                    "optional": true
                },
                "redis": {
                    "optional": true
                }
            }
        },
        "node_modules/@zhin.js/feature-kit": {
            "version": "1.0.13",
            "resolved": "https://registry.npmjs.org/@zhin.js/feature-kit/-/feature-kit-1.0.13.tgz",
            "integrity": "sha512-zX4h+fUg0jxqnxUnQdh6G68eLnRxReI++ObILUJaUnNqZ5lETLxhFo9+N934N5k2eI08l/+qfakQQ5dy2dXiMw==",
            "license": "MIT",
            "dependencies": {
                "@zhin.js/plugin-runtime": "1.1.8"
            },
            "engines": {
                "node": "^20.19.0 || >=22.12.0"
            }
        },
        "node_modules/@zhin.js/handler": {
            "version": "1.0.4",
            "resolved": "https://registry.npmjs.org/@zhin.js/handler/-/handler-1.0.4.tgz",
            "integrity": "sha512-Yc0CAKnCZDgvEwE17WSo1j5Pasu7u3LnBg9bt0Wr7aPAUCEf2vZ79Vl3p7fDHBLC+95HofNqmOVoAHDEm8Dz1A==",
            "license": "MIT",
            "dependencies": {
                "@zhin.js/feature-kit": "1.0.13",
                "@zhin.js/interaction": "1.0.1",
                "@zhin.js/plugin-runtime": "1.1.8"
            },
            "engines": {
                "node": "^20.19.0 || >=22.12.0"
            }
        },
        "node_modules/@zhin.js/host-http": {
            "version": "1.0.17",
            "resolved": "https://registry.npmjs.org/@zhin.js/host-http/-/host-http-1.0.17.tgz",
            "integrity": "sha512-tBVFNwen8cI09IXoYvoNzJY+qXcPLIGBG7m2TDR0m/PvNKyWuC7XfhKmXcyTp0uQ6WeKMPqCH1PtvO0yHteGIQ==",
            "license": "MIT",
            "dependencies": {
                "@zhin.js/console-protocol": "1.1.4",
                "@zhin.js/host-http-contract": "1.0.1",
                "@zhin.js/logger": "1.0.77",
                "@zhin.js/plugin-runtime": "1.1.8",
                "ws": "^8.21.1"
            },
            "engines": {
                "node": "^20.19.0 || >=22.12.0"
            }
        },
        "node_modules/@zhin.js/host-http-contract": {
            "version": "1.0.1",
            "resolved": "https://registry.npmjs.org/@zhin.js/host-http-contract/-/host-http-contract-1.0.1.tgz",
            "integrity": "sha512-7c+GrSrQ6eY479vs9+U1ujcnifo6TnbaW+kH5rKQu3Yn3+Tf+d7n1MD/Kn799+lPMw/M+hJQqSE2XY4/ZT+jRA==",
            "license": "MIT",
            "engines": {
                "node": "^20.19.0 || >=22.12.0"
            }
        },
        "node_modules/@zhin.js/im-contract": {
            "version": "1.0.4",
            "resolved": "https://registry.npmjs.org/@zhin.js/im-contract/-/im-contract-1.0.4.tgz",
            "integrity": "sha512-iIx3g6dM79X8TVvpryijHFYmL7VMug0Q+98F+WUh6m7lkdG3v8IO4GGtb83Sb7vTIEPhb0KFD+qz5OgLxLinRw==",
            "license": "MIT",
            "engines": {
                "node": "^20.19.0 || >=22.12.0"
            }
        },
        "node_modules/@zhin.js/interaction": {
            "version": "1.0.1",
            "resolved": "https://registry.npmjs.org/@zhin.js/interaction/-/interaction-1.0.1.tgz",
            "integrity": "sha512-gDRS+3Wd+4WLltf2/7k+BguyuvRpvCpUH6ET/J/gX6glBhU1qVjyUFqz0Tf6GOXZAN2OGPRx+8KGI9/Oo1MvdA==",
            "license": "MIT",
            "engines": {
                "node": "^20.19.0 || >=22.12.0"
            }
        },
        "node_modules/@zhin.js/kernel": {
            "version": "1.0.8",
            "resolved": "https://registry.npmjs.org/@zhin.js/kernel/-/kernel-1.0.8.tgz",
            "integrity": "sha512-8uulpbfHwUMlXNMl8iw9X4zrF1xfYYP0028qkaI3zFd3QyQ6esg5/xtV+tucXp7krF4YcwvAb4PRnXLygbmQ5w==",
            "license": "MIT",
            "dependencies": {
                "@zhin.js/logger": "1.0.77",
                "@zhin.js/schedule": "0.0.5",
                "@zhin.js/schema": "1.0.73",
                "smol-toml": "^1.7.1",
                "yaml": "^2.9.0"
            },
            "engines": {
                "node": "^20.19.0 || >=22.12.0"
            }
        },
        "node_modules/@zhin.js/logger": {
            "version": "1.0.77",
            "resolved": "https://registry.npmjs.org/@zhin.js/logger/-/logger-1.0.77.tgz",
            "integrity": "sha512-6y/Xmbnh7aC5vDDn4Nz0RtHMDGeF5en4o223jnJNqjEklgJGQbC9bq/sOUjQUaL0wpglDRpXCFL/IVGZ56YwgA==",
            "license": "MIT",
            "dependencies": {
                "chalk": "^5.6.2",
                "string-width": "^8.2.2"
            }
        },
        "node_modules/@zhin.js/middleware": {
            "version": "1.0.13",
            "resolved": "https://registry.npmjs.org/@zhin.js/middleware/-/middleware-1.0.13.tgz",
            "integrity": "sha512-ZYffshW4qA6JinvZ5gal25shyIa/v7/0OpHbODJ12VpkCJ88L2wdR8YTV4gZu/8R5UXKD8qRxPEZm5RWjtLLWg==",
            "license": "MIT",
            "dependencies": {
                "@zhin.js/feature-kit": "1.0.13",
                "@zhin.js/plugin-runtime": "1.1.8"
            },
            "engines": {
                "node": "^20.19.0 || >=22.12.0"
            }
        },
        "node_modules/@zhin.js/permission": {
            "version": "1.0.4",
            "resolved": "https://registry.npmjs.org/@zhin.js/permission/-/permission-1.0.4.tgz",
            "integrity": "sha512-xnkfl147IZXgMKkod77sAiWdnPmDE3e3044PLvJjbDvPHVCC9b+s2q9WqiEAX/Xvq5wRz8GcPxTkZcBzBc+t6g==",
            "license": "MIT",
            "dependencies": {
                "@zhin.js/plugin-runtime": "1.1.8"
            },
            "engines": {
                "node": "^20.19.0 || >=22.12.0"
            }
        },
        "node_modules/@zhin.js/plugin-runtime": {
            "version": "1.1.8",
            "resolved": "https://registry.npmjs.org/@zhin.js/plugin-runtime/-/plugin-runtime-1.1.8.tgz",
            "integrity": "sha512-Y3Hb1SYy1OnPEpaF66Tiblcuqw64RxdPnpGbUh2uafaIYynvicflg9im6CIxpriTJTci+zTB3qApYaoz933YWQ==",
            "license": "MIT",
            "engines": {
                "node": "^20.19.0 || >=22.12.0"
            }
        },
        "node_modules/@zhin.js/schedule": {
            "version": "0.0.5",
            "resolved": "https://registry.npmjs.org/@zhin.js/schedule/-/schedule-0.0.5.tgz",
            "integrity": "sha512-C+jtkna+6am/iBXRqKZll2h0AD/Bw7RyacSMW8R60h9S7DkOy5DZ4Sledu/dTROJmv113bTMI+VrFPcl0GVX5w==",
            "license": "MIT",
            "engines": {
                "node": "^20.19.0 || >=22.12.0"
            }
        },
        "node_modules/@zhin.js/schema": {
            "version": "1.0.73",
            "resolved": "https://registry.npmjs.org/@zhin.js/schema/-/schema-1.0.73.tgz",
            "integrity": "sha512-AoiVU2n/JQPDR/e8gSDqlTfgJk17ONOPZ/cbKEWgE1IDyOyRkCeTUyu/H5to5U7Q82naXK64hnOFQW/TnI7ekQ=="
        },
        "node_modules/ansi-regex": {
            "version": "6.3.0",
            "resolved": "https://registry.npmjs.org/ansi-regex/-/ansi-regex-6.3.0.tgz",
            "integrity": "sha512-WpDfL7NO6j7tH88IDBNVdUJxDh9nmCteAVW9dsep846XdwF4naCBK+/tGLX3KJgcpgMRXCFlTM2hKGoK9FsdrQ==",
            "license": "MIT",
            "engines": {
                "node": ">=12"
            },
            "funding": {
                "url": "https://github.com/chalk/ansi-regex?sponsor=1"
            }
        },
        "node_modules/ansi-styles": {
            "version": "4.3.0",
            "resolved": "https://registry.npmjs.org/ansi-styles/-/ansi-styles-4.3.0.tgz",
            "integrity": "sha512-zbB9rCJAT1rbjiVDb2hqKFHNYLxgtk8NURxZ3IZwD3F6NtxbXZQCnnSi1Lkx+IDohdPlFp222wVALIheZJQSEg==",
            "license": "MIT",
            "dependencies": {
                "color-convert": "^2.0.1"
            },
            "engines": {
                "node": ">=8"
            },
            "funding": {
                "url": "https://github.com/chalk/ansi-styles?sponsor=1"
            }
        },
        "node_modules/camelcase": {
            "version": "5.3.1",
            "resolved": "https://registry.npmjs.org/camelcase/-/camelcase-5.3.1.tgz",
            "integrity": "sha512-L28STB170nwWS63UjtlEOE3dldQApaJXZkOI1uMFfzf3rRuPegHaHesyee+YxQ+W6SvRDQV6UrdOdRiR153wJg==",
            "license": "MIT",
            "engines": {
                "node": ">=6"
            }
        },
        "node_modules/chalk": {
            "version": "5.6.2",
            "resolved": "https://registry.npmjs.org/chalk/-/chalk-5.6.2.tgz",
            "integrity": "sha512-7NzBL0rN6fMUW+f7A6Io4h40qQlG+xGmtMxfbnH/K7TAtt8JQWVQK+6g0UXKMeVJoyV5EkkNsErQ8pVD3bLHbA==",
            "license": "MIT",
            "engines": {
                "node": "^12.17.0 || ^14.13 || >=16.0.0"
            },
            "funding": {
                "url": "https://github.com/chalk/chalk?sponsor=1"
            }
        },
        "node_modules/cliui": {
            "version": "6.0.0",
            "resolved": "https://registry.npmjs.org/cliui/-/cliui-6.0.0.tgz",
            "integrity": "sha512-t6wbgtoCXvAzst7QgXxJYqPt0usEfbgQdftEPbLL/cvv6HPE5VgvqCuAIDR0NgU52ds6rFwqrgakNLrHEjCbrQ==",
            "license": "ISC",
            "dependencies": {
                "string-width": "^4.2.0",
                "strip-ansi": "^6.0.0",
                "wrap-ansi": "^6.2.0"
            }
        },
        "node_modules/cliui/node_modules/ansi-regex": {
            "version": "5.0.1",
            "resolved": "https://registry.npmjs.org/ansi-regex/-/ansi-regex-5.0.1.tgz",
            "integrity": "sha512-quJQXlTSUGL2LH9SUXo8VwsY4soanhgo6LNSm84E1LBcE8s3O0wpdiRzyR9z/ZZJMlMWv37qOOb9pdJlMUEKFQ==",
            "license": "MIT",
            "engines": {
                "node": ">=8"
            }
        },
        "node_modules/cliui/node_modules/string-width": {
            "version": "4.2.3",
            "resolved": "https://registry.npmjs.org/string-width/-/string-width-4.2.3.tgz",
            "integrity": "sha512-wKyQRQpjJ0sIp62ErSZdGsjMJWsap5oRNihHhu6G7JVO/9jIB6UyevL+tXuOqrng8j/cxKTWyWUwvSTriiZz/g==",
            "license": "MIT",
            "dependencies": {
                "emoji-regex": "^8.0.0",
                "is-fullwidth-code-point": "^3.0.0",
                "strip-ansi": "^6.0.1"
            },
            "engines": {
                "node": ">=8"
            }
        },
        "node_modules/cliui/node_modules/strip-ansi": {
            "version": "6.0.1",
            "resolved": "https://registry.npmjs.org/strip-ansi/-/strip-ansi-6.0.1.tgz",
            "integrity": "sha512-Y38VPSHcqkFrCpFnQ9vuSXmquuv5oXOKpGeT6aGrr3o3Gc9AlVa6JBfUSOCnbxGGZF+/0ooI7KrPuUSztUdU5A==",
            "license": "MIT",
            "dependencies": {
                "ansi-regex": "^5.0.1"
            },
            "engines": {
                "node": ">=8"
            }
        },
        "node_modules/color-convert": {
            "version": "2.0.1",
            "resolved": "https://registry.npmjs.org/color-convert/-/color-convert-2.0.1.tgz",
            "integrity": "sha512-RRECPsj7iu/xb5oKYcsFHSppFNnsj/52OVTRKb4zP5onXwVF3zVmmToNcOfGC+CRDpfK/U584fMg38ZHCaElKQ==",
            "license": "MIT",
            "dependencies": {
                "color-name": "~1.1.4"
            },
            "engines": {
                "node": ">=7.0.0"
            }
        },
        "node_modules/color-name": {
            "version": "1.1.4",
            "resolved": "https://registry.npmjs.org/color-name/-/color-name-1.1.4.tgz",
            "integrity": "sha512-dOy+3AuW3a2wNbZHIuMZpTcgjGuLU/uBL/ubcZF9OXbDo8ff4O8yVp5Bf0efS8uEoYo5q4Fx7dY9OgQGXgAsQA==",
            "license": "MIT"
        },
        "node_modules/decamelize": {
            "version": "1.2.0",
            "resolved": "https://registry.npmjs.org/decamelize/-/decamelize-1.2.0.tgz",
            "integrity": "sha512-z2S+W9X73hAUUki+N+9Za2lBlun89zigOyGrsax+KUQ6wKW4ZoWpEYBkGhQjwAjjDCkWxhY0VKEhk8wzY7F5cA==",
            "license": "MIT",
            "engines": {
                "node": ">=0.10.0"
            }
        },
        "node_modules/dijkstrajs": {
            "version": "1.0.3",
            "resolved": "https://registry.npmjs.org/dijkstrajs/-/dijkstrajs-1.0.3.tgz",
            "integrity": "sha512-qiSlmBq9+BCdCA/L46dw8Uy93mloxsPSbwnm5yrKn2vMPiy8KyAskTF6zuV/j5BMsmOGZDPs7KjU+mjb670kfA==",
            "license": "MIT"
        },
        "node_modules/emoji-regex": {
            "version": "8.0.0",
            "resolved": "https://registry.npmjs.org/emoji-regex/-/emoji-regex-8.0.0.tgz",
            "integrity": "sha512-MSjYzcWNOA0ewAHpz0MxpYFvwg6yjy1NG3xteoqz644VCo/RPgnr1/GGt+ic3iJTzQ8Eu3TdM14SawnVUmGE6A==",
            "license": "MIT"
        },
        "node_modules/eventsource": {
            "version": "4.1.1",
            "resolved": "https://registry.npmjs.org/eventsource/-/eventsource-4.1.1.tgz",
            "integrity": "sha512-D6bTRWh6KahHTK/m4WnjPQyEinNPf9eFLEZSEoj7d6fTibspnAVYfzHvirL7u/aoX5d9YYfIkBVAhmigUELk9w==",
            "license": "MIT",
            "dependencies": {
                "eventsource-parser": "^3.0.1"
            },
            "engines": {
                "node": ">=20.0.0"
            }
        },
        "node_modules/eventsource-parser": {
            "version": "3.1.1",
            "resolved": "https://registry.npmjs.org/eventsource-parser/-/eventsource-parser-3.1.1.tgz",
            "integrity": "sha512-EKN1vKAMcZ8MlYMpaNuxN6R9yakzH6uajHcHVTqWJzvu5pWw9DyhbP35HH8MVBQ+dZjAfDxk+A8NiR9KWaXiyQ==",
            "license": "MIT",
            "engines": {
                "node": ">=18.0.0"
            }
        },
        "node_modules/find-up": {
            "version": "4.1.0",
            "resolved": "https://registry.npmjs.org/find-up/-/find-up-4.1.0.tgz",
            "integrity": "sha512-PpOwAdQ/YlXQ2vj8a3h8IipDuYRi3wceVQQGYWxNINccq40Anw7BlsEXCMbt1Zt+OLA6Fq9suIpIWD0OsnISlw==",
            "license": "MIT",
            "dependencies": {
                "locate-path": "^5.0.0",
                "path-exists": "^4.0.0"
            },
            "engines": {
                "node": ">=8"
            }
        },
        "node_modules/get-caller-file": {
            "version": "2.0.5",
            "resolved": "https://registry.npmjs.org/get-caller-file/-/get-caller-file-2.0.5.tgz",
            "integrity": "sha512-DyFP3BM/3YHTQOCUL/w0OZHR0lpKeGrxotcHWcqNEdnltqFwXVfhEBQ94eIo34AfQpo0rGki4cyIiftY06h2Fg==",
            "license": "ISC",
            "engines": {
                "node": "6.* || 8.* || >= 10.*"
            }
        },
        "node_modules/get-east-asian-width": {
            "version": "1.6.0",
            "resolved": "https://registry.npmjs.org/get-east-asian-width/-/get-east-asian-width-1.6.0.tgz",
            "integrity": "sha512-QRbvDIbx6YklUe6RxeTeleMR0yv3cYH6PsPZHcnVn7xv7zO1BHN8r0XETu8n6Ye3Q+ahtSarc3WgtNWmehIBfA==",
            "license": "MIT",
            "engines": {
                "node": ">=18"
            },
            "funding": {
                "url": "https://github.com/sponsors/sindresorhus"
            }
        },
        "node_modules/imhelper": {
            "version": "1.0.7",
            "resolved": "https://registry.npmjs.org/imhelper/-/imhelper-1.0.7.tgz",
            "integrity": "sha512-esjgPvjdPtdH8Rr/gefO0CHJtYslq8/vXSgwF5DFi5BPiU73cslIFTX7AahK2L+7j0wyUPIO7R/ACfZBcJLsLw==",
            "license": "MIT",
            "dependencies": {
                "eventsource": "^4.1.0",
                "ws": "^8.18.3"
            }
        },
        "node_modules/is-fullwidth-code-point": {
            "version": "3.0.0",
            "resolved": "https://registry.npmjs.org/is-fullwidth-code-point/-/is-fullwidth-code-point-3.0.0.tgz",
            "integrity": "sha512-zymm5+u+sCsSWyD9qNaejV3DFvhCKclKdizYaJUuHA83RLjb7nSuGnddCHGv0hk+KY7BMAlsWeK4Ueg6EV6XQg==",
            "license": "MIT",
            "engines": {
                "node": ">=8"
            }
        },
        "node_modules/locate-path": {
            "version": "5.0.0",
            "resolved": "https://registry.npmjs.org/locate-path/-/locate-path-5.0.0.tgz",
            "integrity": "sha512-t7hw9pI+WvuwNJXwk5zVHpyhIqzg2qTlklJOf0mVxGSbe3Fp2VieZcduNYjaLDoy6p9uGpQEGWG87WpMKlNq8g==",
            "license": "MIT",
            "dependencies": {
                "p-locate": "^4.1.0"
            },
            "engines": {
                "node": ">=8"
            }
        },
        "node_modules/p-limit": {
            "version": "2.3.0",
            "resolved": "https://registry.npmjs.org/p-limit/-/p-limit-2.3.0.tgz",
            "integrity": "sha512-//88mFWSJx8lxCzwdAABTJL2MyWB12+eIY7MDL2SqLmAkeKU9qxRvWuSyTjm3FUmpBEMuFfckAIqEaVGUDxb6w==",
            "license": "MIT",
            "dependencies": {
                "p-try": "^2.0.0"
            },
            "engines": {
                "node": ">=6"
            },
            "funding": {
                "url": "https://github.com/sponsors/sindresorhus"
            }
        },
        "node_modules/p-locate": {
            "version": "4.1.0",
            "resolved": "https://registry.npmjs.org/p-locate/-/p-locate-4.1.0.tgz",
            "integrity": "sha512-R79ZZ/0wAxKGu3oYMlz8jy/kbhsNrS7SKZ7PxEHBgJ5+F2mtFW2fK2cOtBh1cHYkQsbzFV7I+EoRKe6Yt0oK7A==",
            "license": "MIT",
            "dependencies": {
                "p-limit": "^2.2.0"
            },
            "engines": {
                "node": ">=8"
            }
        },
        "node_modules/p-try": {
            "version": "2.2.0",
            "resolved": "https://registry.npmjs.org/p-try/-/p-try-2.2.0.tgz",
            "integrity": "sha512-R4nPAVTAU0B9D35/Gk3uJf/7XYbQcyohSKdvAxIRSNghFl4e71hVoGnBNQz9cWaXxO2I10KTC+3jMdvvoKw6dQ==",
            "license": "MIT",
            "engines": {
                "node": ">=6"
            }
        },
        "node_modules/path-exists": {
            "version": "4.0.0",
            "resolved": "https://registry.npmjs.org/path-exists/-/path-exists-4.0.0.tgz",
            "integrity": "sha512-ak9Qy5Q7jYb2Wwcey5Fpvg2KoAc/ZIhLSLOSBmRmygPsGwkVVt0fZa0qrtMz+m6tJTAHfZQ8FnmB4MG4LWy7/w==",
            "license": "MIT",
            "engines": {
                "node": ">=8"
            }
        },
        "node_modules/pngjs": {
            "version": "5.0.0",
            "resolved": "https://registry.npmjs.org/pngjs/-/pngjs-5.0.0.tgz",
            "integrity": "sha512-40QW5YalBNfQo5yRYmiw7Yz6TKKVr3h6970B2YE+3fQpsWcrbj1PzJgxeJ19DRQjhMbKPIuMY8rFaXc8moolVw==",
            "license": "MIT",
            "engines": {
                "node": ">=10.13.0"
            }
        },
        "node_modules/qrcode": {
            "version": "1.5.4",
            "resolved": "https://registry.npmjs.org/qrcode/-/qrcode-1.5.4.tgz",
            "integrity": "sha512-1ca71Zgiu6ORjHqFBDpnSMTR2ReToX4l1Au1VFLyVeBTFavzQnv5JxMFr3ukHVKpSrSA2MCk0lNJSykjUfz7Zg==",
            "license": "MIT",
            "dependencies": {
                "dijkstrajs": "^1.0.1",
                "pngjs": "^5.0.0",
                "yargs": "^15.3.1"
            },
            "bin": {
                "qrcode": "bin/qrcode"
            },
            "engines": {
                "node": ">=10.13.0"
            }
        },
        "node_modules/require-directory": {
            "version": "2.1.1",
            "resolved": "https://registry.npmjs.org/require-directory/-/require-directory-2.1.1.tgz",
            "integrity": "sha512-fGxEI7+wsG9xrvdjsrlmL22OMTTiHRwAMroiEeMgq8gzoLC/PQr7RsRDSTLUg/bZAZtF+TVIkHc6/4RIKrui+Q==",
            "license": "MIT",
            "engines": {
                "node": ">=0.10.0"
            }
        },
        "node_modules/require-main-filename": {
            "version": "2.0.0",
            "resolved": "https://registry.npmjs.org/require-main-filename/-/require-main-filename-2.0.0.tgz",
            "integrity": "sha512-NKN5kMDylKuldxYLSUfrbo5Tuzh4hd+2E8NPPX02mZtn1VuREQToYe/ZdlJy+J3uCpfaiGF05e7B8W0iXbQHmg==",
            "license": "ISC"
        },
        "node_modules/segment-matcher": {
            "version": "1.0.5",
            "resolved": "https://registry.npmjs.org/segment-matcher/-/segment-matcher-1.0.5.tgz",
            "integrity": "sha512-OJh+xF/Y6lFOmaP3MuUdvOEgv//zePa/GYut25Wn/Ei1k2S8g9YQyLIJl8Z8gv1ti7MS2+vbj1WNz79Iu/j+DA==",
            "license": "MIT"
        },
        "node_modules/set-blocking": {
            "version": "2.0.0",
            "resolved": "https://registry.npmjs.org/set-blocking/-/set-blocking-2.0.0.tgz",
            "integrity": "sha512-KiKBS8AnWGEyLzofFfmvKwpdPzqiy16LvQfK3yv/fVH7Bj13/wl3JSR1J+rfgRE9q7xUJK4qvgS8raSOeLUehw==",
            "license": "ISC"
        },
        "node_modules/smol-toml": {
            "version": "1.8.0",
            "resolved": "https://registry.npmjs.org/smol-toml/-/smol-toml-1.8.0.tgz",
            "integrity": "sha512-kCZr2V3ch9i00x8zXRhjUNVcjG9ijES5dDudkXvUVCT5QlJNQWElSJdZqyPemffHoLNUYwOcou0Fy+ojN0uHSQ==",
            "license": "BSD-3-Clause",
            "engines": {
                "node": ">= 18"
            },
            "funding": {
                "url": "https://github.com/sponsors/cyyynthia"
            }
        },
        "node_modules/string-width": {
            "version": "8.2.2",
            "resolved": "https://registry.npmjs.org/string-width/-/string-width-8.2.2.tgz",
            "integrity": "sha512-GaPUh5gfdrYzqeVNZvUfT23vYYxXzKYidUcnMtJg/3rxRV63EFZy3k6xfKlmfeJD0176lnUV/Usr3XcwSvFzpg==",
            "license": "MIT",
            "dependencies": {
                "get-east-asian-width": "^1.5.0",
                "strip-ansi": "^7.1.2"
            },
            "engines": {
                "node": ">=20"
            },
            "funding": {
                "url": "https://github.com/sponsors/sindresorhus"
            }
        },
        "node_modules/strip-ansi": {
            "version": "7.2.0",
            "resolved": "https://registry.npmjs.org/strip-ansi/-/strip-ansi-7.2.0.tgz",
            "integrity": "sha512-yDPMNjp4WyfYBkHnjIRLfca1i6KMyGCtsVgoKe/z1+6vukgaENdgGBZt+ZmKPc4gavvEZ5OgHfHdrazhgNyG7w==",
            "license": "MIT",
            "dependencies": {
                "ansi-regex": "^6.2.2"
            },
            "engines": {
                "node": ">=12"
            },
            "funding": {
                "url": "https://github.com/chalk/strip-ansi?sponsor=1"
            }
        },
        "node_modules/which-module": {
            "version": "2.0.1",
            "resolved": "https://registry.npmjs.org/which-module/-/which-module-2.0.1.tgz",
            "integrity": "sha512-iBdZ57RDvnOR9AGBhML2vFZf7h8vmBjhoaZqODJBFWHVtKkDmKuHai3cx5PgVMrX5YDNp27AofYbAwctSS+vhQ==",
            "license": "ISC"
        },
        "node_modules/wrap-ansi": {
            "version": "6.2.0",
            "resolved": "https://registry.npmjs.org/wrap-ansi/-/wrap-ansi-6.2.0.tgz",
            "integrity": "sha512-r6lPcBGxZXlIcymEu7InxDMhdW0KDxpLgoFLcguasxCaJ/SOIZwINatK9KY/tf+ZrlywOKU0UDj3ATXUBfxJXA==",
            "license": "MIT",
            "dependencies": {
                "ansi-styles": "^4.0.0",
                "string-width": "^4.1.0",
                "strip-ansi": "^6.0.0"
            },
            "engines": {
                "node": ">=8"
            }
        },
        "node_modules/wrap-ansi/node_modules/ansi-regex": {
            "version": "5.0.1",
            "resolved": "https://registry.npmjs.org/ansi-regex/-/ansi-regex-5.0.1.tgz",
            "integrity": "sha512-quJQXlTSUGL2LH9SUXo8VwsY4soanhgo6LNSm84E1LBcE8s3O0wpdiRzyR9z/ZZJMlMWv37qOOb9pdJlMUEKFQ==",
            "license": "MIT",
            "engines": {
                "node": ">=8"
            }
        },
        "node_modules/wrap-ansi/node_modules/string-width": {
            "version": "4.2.3",
            "resolved": "https://registry.npmjs.org/string-width/-/string-width-4.2.3.tgz",
            "integrity": "sha512-wKyQRQpjJ0sIp62ErSZdGsjMJWsap5oRNihHhu6G7JVO/9jIB6UyevL+tXuOqrng8j/cxKTWyWUwvSTriiZz/g==",
            "license": "MIT",
            "dependencies": {
                "emoji-regex": "^8.0.0",
                "is-fullwidth-code-point": "^3.0.0",
                "strip-ansi": "^6.0.1"
            },
            "engines": {
                "node": ">=8"
            }
        },
        "node_modules/wrap-ansi/node_modules/strip-ansi": {
            "version": "6.0.1",
            "resolved": "https://registry.npmjs.org/strip-ansi/-/strip-ansi-6.0.1.tgz",
            "integrity": "sha512-Y38VPSHcqkFrCpFnQ9vuSXmquuv5oXOKpGeT6aGrr3o3Gc9AlVa6JBfUSOCnbxGGZF+/0ooI7KrPuUSztUdU5A==",
            "license": "MIT",
            "dependencies": {
                "ansi-regex": "^5.0.1"
            },
            "engines": {
                "node": ">=8"
            }
        },
        "node_modules/ws": {
            "version": "8.21.3",
            "resolved": "https://registry.npmjs.org/ws/-/ws-8.21.3.tgz",
            "integrity": "sha512-201TZ/kPWxoPr/OKWjquZR1SWKXcvxdH+e1xrx89b3YbmzLMFCLfnaG1HFIgWzJOEWZ7MvpK++odZufgYR50Rw==",
            "license": "MIT",
            "engines": {
                "node": ">=10.0.0"
            },
            "peerDependencies": {
                "bufferutil": "^4.0.1",
                "utf-8-validate": ">=5.0.2"
            },
            "peerDependenciesMeta": {
                "bufferutil": {
                    "optional": true
                },
                "utf-8-validate": {
                    "optional": true
                }
            }
        },
        "node_modules/y18n": {
            "version": "4.0.3",
            "resolved": "https://registry.npmjs.org/y18n/-/y18n-4.0.3.tgz",
            "integrity": "sha512-JKhqTOwSrqNA1NY5lSztJ1GrBiUodLMmIZuLiDaMRJ+itFd+ABVE8XBjOvIWL+rSqNDC74LCSFmlb/U4UZ4hJQ==",
            "license": "ISC"
        },
        "node_modules/yaml": {
            "version": "2.9.0",
            "resolved": "https://registry.npmjs.org/yaml/-/yaml-2.9.0.tgz",
            "integrity": "sha512-2AvhNX3mb8zd6Zy7INTtSpl1F15HW6Wnqj0srWlkKLcpYl/gMIMJiyuGq2KeI2YFxUPjdlB+3Lc10seMLtL4cA==",
            "license": "ISC",
            "bin": {
                "yaml": "bin.mjs"
            },
            "engines": {
                "node": ">= 14.6"
            },
            "funding": {
                "url": "https://github.com/sponsors/eemeli"
            }
        },
        "node_modules/yargs": {
            "version": "15.4.1",
            "resolved": "https://registry.npmjs.org/yargs/-/yargs-15.4.1.tgz",
            "integrity": "sha512-aePbxDmcYW++PaqBsJ+HYUFwCdv4LVvdnhBy78E57PIor8/OVvhMrADFFEDh8DHDFRv/O9i3lPhsENjO7QX0+A==",
            "license": "MIT",
            "dependencies": {
                "cliui": "^6.0.0",
                "decamelize": "^1.2.0",
                "find-up": "^4.1.0",
                "get-caller-file": "^2.0.1",
                "require-directory": "^2.1.1",
                "require-main-filename": "^2.0.0",
                "set-blocking": "^2.0.0",
                "string-width": "^4.2.0",
                "which-module": "^2.0.0",
                "y18n": "^4.0.0",
                "yargs-parser": "^18.1.2"
            },
            "engines": {
                "node": ">=8"
            }
        },
        "node_modules/yargs-parser": {
            "version": "18.1.3",
            "resolved": "https://registry.npmjs.org/yargs-parser/-/yargs-parser-18.1.3.tgz",
            "integrity": "sha512-o50j0JeToy/4K6OZcaQmW6lyXXKhq7csREXcDwk2omFPJEwUNOVtJKvmDr9EI1fAJZUyZcRF7kxGBWmRXudrCQ==",
            "license": "ISC",
            "dependencies": {
                "camelcase": "^5.0.0",
                "decamelize": "^1.2.0"
            },
            "engines": {
                "node": ">=6"
            }
        },
        "node_modules/yargs/node_modules/ansi-regex": {
            "version": "5.0.1",
            "resolved": "https://registry.npmjs.org/ansi-regex/-/ansi-regex-5.0.1.tgz",
            "integrity": "sha512-quJQXlTSUGL2LH9SUXo8VwsY4soanhgo6LNSm84E1LBcE8s3O0wpdiRzyR9z/ZZJMlMWv37qOOb9pdJlMUEKFQ==",
            "license": "MIT",
            "engines": {
                "node": ">=8"
            }
        },
        "node_modules/yargs/node_modules/string-width": {
            "version": "4.2.3",
            "resolved": "https://registry.npmjs.org/string-width/-/string-width-4.2.3.tgz",
            "integrity": "sha512-wKyQRQpjJ0sIp62ErSZdGsjMJWsap5oRNihHhu6G7JVO/9jIB6UyevL+tXuOqrng8j/cxKTWyWUwvSTriiZz/g==",
            "license": "MIT",
            "dependencies": {
                "emoji-regex": "^8.0.0",
                "is-fullwidth-code-point": "^3.0.0",
                "strip-ansi": "^6.0.1"
            },
            "engines": {
                "node": ">=8"
            }
        },
        "node_modules/yargs/node_modules/strip-ansi": {
            "version": "6.0.1",
            "resolved": "https://registry.npmjs.org/strip-ansi/-/strip-ansi-6.0.1.tgz",
            "integrity": "sha512-Y38VPSHcqkFrCpFnQ9vuSXmquuv5oXOKpGeT6aGrr3o3Gc9AlVa6JBfUSOCnbxGGZF+/0ooI7KrPuUSztUdU5A==",
            "license": "MIT",
            "dependencies": {
                "ansi-regex": "^5.0.1"
            },
            "engines": {
                "node": ">=8"
            }
        },
        "node_modules/zhin.js": {
            "version": "6.0.15",
            "resolved": "https://registry.npmjs.org/zhin.js/-/zhin.js-6.0.15.tgz",
            "integrity": "sha512-9/yTp6xvUaXVyJdYL+nCJUy2bXZDLOwZ6OM+m0YFGEcMEF7Wd3xyFOjUMUuoahRvfaZ2uQZg0Cimz9zAANczMw==",
            "license": "MIT",
            "dependencies": {
                "@zhin.js/core": "1.5.15",
                "@zhin.js/logger": "1.0.77",
                "@zhin.js/permission": "1.0.4",
                "@zhin.js/plugin-runtime": "1.1.8",
                "chalk": "^5.6.2"
            },
            "engines": {
                "node": "^20.19.0 || >=22.12.0"
            },
            "peerDependencies": {
                "@zhin.js/agent": "^1.1.18",
                "@zhin.js/ai": "^1.5.7",
                "@zhin.js/html-renderer": "^3.0.15",
                "@zhin.js/runtime": "^1.0.15",
                "@zhin.js/speech": "^3.0.15"
            },
            "peerDependenciesMeta": {
                "@zhin.js/agent": {
                    "optional": true
                },
                "@zhin.js/ai": {
                    "optional": true
                },
                "@zhin.js/html-renderer": {
                    "optional": true
                },
                "@zhin.js/runtime": {
                    "optional": true
                },
                "@zhin.js/speech": {
                    "optional": true
                }
            }
        },
        "node_modules/zod": {
            "version": "4.4.3",
            "resolved": "https://registry.npmjs.org/zod/-/zod-4.4.3.tgz",
            "integrity": "sha512-ytENFjIJFl2UwYglde2jchW2Hwm4GJFLDiSXWdTrJQBIN9Fcyp7n4DhxJEiWNAJMV1/BqWfW/kkg71UDcHJyTQ==",
            "license": "MIT",
            "funding": {
                "url": "https://github.com/sponsors/colinhacks"
            }
        }
    }
}
